// !$*UTF8*$!
{
	archiveVersion = 1;
	classes = {
	};
	objectVersion = 50;
	objects = {

/* Begin PBXBuildFile section */
		6C462488254EC27300E5F670 /* AppDelegate.swift in Sources */ = {isa = PBXBuildFile; fileRef = 6C462487254EC27300E5F670 /* AppDelegate.swift */; };
		6C46248A254EC27300E5F670 /* SceneDelegate.swift in Sources */ = {isa = PBXBuildFile; fileRef = 6C462489254EC27300E5F670 /* SceneDelegate.swift */; };
		6C46248C254EC27300E5F670 /* ViewController.swift in Sources */ = {isa = PBXBuildFile; fileRef = 6C46248B254EC27300E5F670 /* ViewController.swift */; };
		6C46248F254EC27300E5F670 /* Main.storyboard in Resources */ = {isa = PBXBuildFile; fileRef = 6C46248D254EC27300E5F670 /* Main.storyboard */; };
		6C462491254EC28000E5F670 /* Assets.xcassets in Resources */ = {isa = PBXBuildFile; fileRef = 6C462490254EC28000E5F670 /* Assets.xcassets */; };
		6C462494254EC28000E5F670 /* LaunchScreen.storyboard in Resources */ = {isa = PBXBuildFile; fileRef = 6C462492254EC28000E5F670 /* LaunchScreen.storyboard */; };
		A64161BC8A93F7BA9E1C3ECD /* Pods_photofilter.framework in Frameworks */ = {isa = PBXBuildFile; fileRef = 1C5CB381A285952971377744 /* Pods_photofilter.framework */; };
/* End PBXBuildFile section */

/* Begin PBXFileReference section */
		1C5CB381A285952971377744 /* Pods_photofilter.framework */ = {isa = PBXFileReference; explicitFileType = wrapper.framework; includeInIndex = 0; path = Pods_photofilter.framework; sourceTree = BUILT_PRODUCTS_DIR; };
		60C787292502B5109EA7A460 /* Pods-photofilter.debug.xcconfig */ = {isa = PBXFileReference; includeInIndex = 1; lastKnownFileType = text.xcconfig; name = "Pods-photofilter.debug.xcconfig"; path = "Target Support Files/Pods-photofilter/Pods-photofilter.debug.xcconfig"; sourceTree = "<group>"; };
		6C462484254EC27300E5F670 /* photofilter.app */ = {isa = PBXFileReference; explicitFileType = wrapper.application; includeInIndex = 0; path = photofilter.app; sourceTree = BUILT_PRODUCTS_DIR; };
		6C462487254EC27300E5F670 /* AppDelegate.swift */ = {isa = PBXFileReference; lastKnownFileType = sourcecode.swift; path = AppDelegate.swift; sourceTree = "<group>"; };
		6C462489254EC27300E5F670 /* SceneDelegate.swift */ = {isa = PBXFileReference; lastKnownFileType = sourcecode.swift; path = SceneDelegate.swift; sourceTree = "<group>"; };
		6C46248B254EC27300E5F670 /* ViewController.swift */ = {isa = PBXFileReference; lastKnownFileType = sourcecode.swift; path = ViewController.swift; sourceTree = "<group>"; };
		6C46248E254EC27300E5F670 /* Base */ = {isa = PBXFileReference; lastKnownFileType = file.storyboard; name = Base; path = Base.lproj/Main.storyboard; sourceTree = "<group>"; };
		6C462490254EC28000E5F670 /* Assets.xcassets */ = {isa = PBXFileReference; lastKnownFileType = folder.assetcatalog; path = Assets.xcassets; sourceTree = "<group>"; };
		6C462493254EC28000E5F670 /* Base */ = {isa = PBXFileReference; lastKnownFileType = file.storyboard; name = Base; path = Base.lproj/LaunchScreen.storyboard; sourceTree = "<group>"; };
		6C462495254EC28000E5F670 /* Info.plist */ = {isa = PBXFileReference; lastKnownFileType = text.plist.xml; path = Info.plist; sourceTree = "<group>"; };
		EFBB52215A970FA641596D85 /* Pods-photofilter.release.xcconfig */ = {isa = PBXFileReference; includeInIndex = 1; lastKnownFileType = text.xcconfig; name = "Pods-photofilter.release.xcconfig"; path = "Target Support Files/Pods-photofilter/Pods-photofilter.release.xcconfig"; sourceTree = "<group>"; };
/* End PBXFileReference section */

/* Begin PBXFrameworksBuildPhase section */
		6C462481254EC27300E5F670 /* Frameworks */ = {
			isa = PBXFrameworksBuildPhase;
			buildActionMask = 2147483647;
			files = (
				A64161BC8A93F7BA9E1C3ECD /* Pods_photofilter.framework in Frameworks */,
			);
			runOnlyForDeploymentPostprocessing = 0;
		};
/* End PBXFrameworksBuildPhase section */

/* Begin PBXGroup section */
		6C46247B254EC27200E5F670 = {
			isa = PBXGroup;
			children = (
				6C462486254EC27300E5F670 /* photofilter */,
				6C462485254EC27300E5F670 /* Products */,
				9955D06AF574D08576C0DCFF /* Pods */,
				81682A4582290844DCF1386B /* Frameworks */,
			);
			sourceTree = "<group>";
		};
		6C462485254EC27300E5F670 /* Products */ = {
			isa = PBXGroup;
			children = (
				6C462484254EC27300E5F670 /* photofilter.app */,
			);
			name = Products;
			sourceTree = "<group>";
		};
		6C462486254EC27300E5F670 /* photofilter */ = {
			isa = PBXGroup;
			children = (
				6C462487254EC27300E5F670 /* AppDelegate.swift */,
				6C462489254EC27300E5F670 /* SceneDelegate.swift */,
				6C46248B254EC27300E5F670 /* ViewController.swift */,
				6C46248D254EC27300E5F670 /* Main.storyboard */,
				6C462490254EC28000E5F670 /* Assets.xcassets */,
				6C462492254EC28000E5F670 /* LaunchScreen.storyboard */,
				6C462495254EC28000E5F670 /* Info.plist */,
			);
			path = photofilter;
			sourceTree = "<group>";
		};
		81682A4582290844DCF1386B /* Frameworks */ = {
			isa = PBXGroup;
			children = (
				1C5CB381A285952971377744 /* Pods_photofilter.framework */,
			);
			name = Frameworks;
			sourceTree = "<group>";
		};
		9955D06AF574D08576C0DCFF /* Pods */ = {
			isa = PBXGroup;
			children = (
				60C787292502B5109EA7A460 /* Pods-photofilter.debug.xcconfig */,
				EFBB52215A970FA641596D85 /* Pods-photofilter.release.xcconfig */,
			);
			name = Pods;
			path = Pods;
			sourceTree = "<group>";
		};
/* End PBXGroup section */

/* Begin PBXNativeTarget section */
		6C462483254EC27300E5F670 /* photofilter */ = {
			isa = PBXNativeTarget;
			buildConfigurationList = 6C462498254EC28000E5F670 /* Build configuration list for PBXNativeTarget "photofilter" */;
			buildPhases = (
				5046BE01D65202D7EDD50397 /* [CP] Check Pods Manifest.lock */,
				6C462480254EC27300E5F670 /* Sources */,
				6C462481254EC27300E5F670 /* Frameworks */,
				6C462482254EC27300E5F670 /* Resources */,
				B9D2493D35E67A6D171DCB23 /* [CP] Embed Pods Frameworks */,
			);
			buildRules = (
			);
			dependencies = (
			);
			name = photofilter;
			productName = photofilter;
			productReference = 6C462484254EC27300E5F670 /* photofilter.app */;
			productType = "com.apple.product-type.application";
		};
/* End PBXNativeTarget section */

/* Begin PBXProject section */
		6C46247C254EC27200E5F670 /* Project object */ = {
			isa = PBXProject;
			attributes = {
				LastSwiftUpdateCheck = 1130;
				LastUpgradeCheck = 1130;
				ORGANIZATIONNAME = "TechnoTouch Infotech";
				TargetAttributes = {
					6C462483254EC27300E5F670 = {
						CreatedOnToolsVersion = 11.3.1;
					};
				};
			};
			buildConfigurationList = 6C46247F254EC27200E5F670 /* Build configuration list for PBXProject "photofilter" */;
			compatibilityVersion = "Xcode 9.3";
			developmentRegion = en;
			hasScannedForEncodings = 0;
			knownRegions = (
				en,
				Base,
			);
			mainGroup = 6C46247B254EC27200E5F670;
			productRefGroup = 6C462485254EC27300E5F670 /* Products */;
			projectDirPath = "";
			projectRoot = "";
			targets = (
				6C462483254EC27300E5F670 /* photofilter */,
			);
		};
/* End PBXProject section */

/* Begin PBXResourcesBuildPhase section */
		6C462482254EC27300E5F670 /* Resources */ = {
			isa = PBXResourcesBuildPhase;
			buildActionMask = 2147483647;
			files = (
				6C462494254EC28000E5F670 /* LaunchScreen.storyboard in Resources */,
				6C462491254EC28000E5F670 /* Assets.xcassets in Resources */,
				6C46248F254EC27300E5F670 /* Main.storyboard in Resources */,
			);
			runOnlyForDeploymentPostprocessing = 0;
		};
/* End PBXResourcesBuildPhase section */

/* Begin PBXShellScriptBuildPhase section */
		5046BE01D65202D7EDD50397 /* [CP] Check Pods Manifest.lock */ = {
			isa = PBXShellScriptBuildPhase;
			buildActionMask = 2147483647;
			files = (
			);
			inputFileListPaths = (
			);
			inputPaths = (
				"${PODS_PODFILE_DIR_PATH}/Podfile.lock",
				"${PODS_ROOT}/Manifest.lock",
			);
			name = "[CP] Check Pods Manifest.lock";
			outputFileListPaths = (
			);
			outputPaths = (
				"$(DERIVED_FILE_DIR)/Pods-photofilter-checkManifestLockResult.txt",
			);
			runOnlyForDeploymentPostprocessing = 0;
			shellPath = /bin/sh;
			shellScript = "diff \"${PODS_PODFILE_DIR_PATH}/Podfile.lock\" \"${PODS_ROOT}/Manifest.lock\" > /dev/null\nif [ $? != 0 ] ; then\n    # print error to STDERR\n    echo \"error: The sandbox is not in sync with the Podfile.lock. Run 'pod install' or update your CocoaPods installation.\" >&2\n    exit 1\nfi\n# This output is used by Xcode 'outputs' to avoid re-running this script phase.\necho \"SUCCESS\" > \"${SCRIPT_OUTPUT_FILE_0}\"\n";
			showEnvVarsInLog = 0;
		};
		B9D2493D35E67A6D171DCB23 /* [CP] Embed Pods Frameworks */ = {
			isa = PBXShellScriptBuildPhase;
			buildActionMask = 2147483647;
			files = (
			);
			inputFileListPaths = (
				"${PODS_ROOT}/Target Support Files/Pods-photofilter/Pods-photofilter-frameworks-${CONFIGURATION}-input-files.xcfilelist",
			);
			name = "[CP] Embed Pods Frameworks";
			outputFileListPaths = (
				"${PODS_ROOT}/Target Support Files/Pods-photofilter/Pods-photofilter-frameworks-${CONFIGURATION}-output-files.xcfilelist",
			);
			runOnlyForDeploymentPostprocessing = 0;
			shellPath = /bin/sh;
			shellScript = "\"${PODS_ROOT}/Target Support Files/Pods-photofilter/Pods-photofilter-frameworks.sh\"\n";
			showEnvVarsInLog = 0;
		};
/* End PBXShellScriptBuildPhase section */

/* Begin PBXSourcesBuildPhase section */
		6C462480254EC27300E5F670 /* Sources */ = {
			isa = PBXSourcesBuildPhase;
			buildActionMask = 2147483647;
			files = (
				6C46248C254EC27300E5F670 /* ViewController.swift in Sources */,
				6C462488254EC27300E5F670 /* AppDelegate.swift in Sources */,
				6C46248A254EC27300E5F670 /* SceneDelegate.swift in Sources */,
			);
			runOnlyForDeploymentPostprocessing = 0;
		};
/* End PBXSourcesBuildPhase section */

/* Begin PBXVariantGroup section */
		6C46248D254EC27300E5F670 /* Main.storyboard */ = {
			isa = PBXVariantGroup;
			children = (
				6C46248E254EC27300E5F670 /* Base */,
			);
			name = Main.storyboard;
			sourceTree = "<group>";
		};
		6C462492254EC28000E5F670 /* LaunchScreen.storyboard */ = {
			isa = PBXVariantGroup;
			children = (
				6C462493254EC28000E5F670 /* Base */,
			);
			name = LaunchScreen.storyboard;
			sourceTree = "<group>";
		};
/* End PBXVariantGroup section */

/* Begin XCBuildConfiguration section */
		6C462496254EC28000E5F670 /* Debug */ = {
			isa = XCBuildConfiguration;
			buildSettings = {
				ALWAYS_SEARCH_USER_PATHS = NO;
				CLANG_ANALYZER_NONNULL = YES;
				CLANG_ANALYZER_NUMBER_OBJECT_CONVERSION = YES_AGGRESSIVE;
				CLANG_CXX_LANGUAGE_STANDARD = "gnu++14";
				CLANG_CXX_LIBRARY = "libc++";
				CLANG_ENABLE_MODULES = YES;
				CLANG_ENABLE_OBJC_ARC = YES;
				CLANG_ENABLE_OBJC_WEAK = YES;
				CLANG_WARN_BLOCK_CAPTURE_AUTORELEASING = YES;
				CLANG_WARN_BOOL_CONVERSION = YES;
				CLANG_WARN_COMMA = YES;
				CLANG_WARN_CONSTANT_CONVERSION = YES;
				CLANG_WARN_DEPRECATED_OBJC_IMPLEMENTATIONS = YES;
				CLANG_WARN_DIRECT_OBJC_ISA_USAGE = YES_ERROR;
				CLANG_WARN_DOCUMENTATION_COMMENTS = YES;
				CLANG_WARN_EMPTY_BODY = YES;
				CLANG_WARN_ENUM_CONVERSION = YES;
				CLANG_WARN_INFINITE_RECURSION = YES;
				CLANG_WARN_INT_CONVERSION = YES;
				CLANG_WARN_NON_LITERAL_NULL_CONVERSION = YES;
				CLANG_WARN_OBJC_IMPLICIT_RETAIN_SELF = YES;
				CLANG_WARN_OBJC_LITERAL_CONVERSION = YES;
				CLANG_WARN_OBJC_ROOT_CLASS = YES_ERROR;
				CLANG_WARN_RANGE_LOOP_ANALYSIS = YES;
				CLANG_WARN_STRICT_PROTOTYPES = YES;
				CLANG_WARN_SUSPICIOUS_MOVE = YES;
				CLANG_WARN_UNGUARDED_AVAILABILITY = YES_AGGRESSIVE;
				CLANG_WARN_UNREACHABLE_CODE = YES;
				CLANG_WARN__DUPLICATE_METHOD_MATCH = YES;
				COPY_PHASE_STRIP = NO;
				DEBUG_INFORMATION_FORMAT = dwarf;
				ENABLE_STRICT_OBJC_MSGSEND = YES;
				ENABLE_TESTABILITY = YES;
				GCC_C_LANGUAGE_STANDARD = gnu11;
				GCC_DYNAMIC_NO_PIC = NO;
				GCC_NO_COMMON_BLOCKS = YES;
				GCC_OPTIMIZATION_LEVEL = 0;
				GCC_PREPROCESSOR_DEFINITIONS = (
					"DEBUG=1",
					"$(inherited)",
				);
				GCC_WARN_64_TO_32_BIT_CONVERSION = YES;
				GCC_WARN_ABOUT_RETURN_TYPE = YES_ERROR;
				GCC_WARN_UNDECLARED_SELECTOR = YES;
				GCC_WARN_UNINITIALIZED_AUTOS = YES_AGGRESSIVE;
				GCC_WARN_UNUSED_FUNCTION = YES;
				GCC_WARN_UNUSED_VARIABLE = YES;
				IPHONEOS_DEPLOYMENT_TARGET = 13.2;
				MTL_ENABLE_DEBUG_INFO = INCLUDE_SOURCE;
				MTL_FAST_MATH = YES;
				ONLY_ACTIVE_ARCH = YES;
				SDKROOT = iphoneos;
				SWIFT_ACTIVE_COMPILATION_CONDITIONS = DEBUG;
				SWIFT_OPTIMIZATION_LEVEL = "-Onone";
			};
			name = Debug;
		};
		6C462497254EC28000E5F670 /* Release */ = {
			isa = XCBuildConfiguration;
			buildSettings = {
				ALWAYS_SEARCH_USER_PATHS = NO;
				CLANG_ANALYZER_NONNULL = YES;
				CLANG_ANALYZER_NUMBER_OBJECT_CONVERSION = YES_AGGRESSIVE;
				CLANG_CXX_LANGUAGE_STANDARD = "gnu++14";
				CLANG_CXX_LIBRARY = "libc++";
				CLANG_ENABLE_MODULES = YES;
				CLANG_ENABLE_OBJC_ARC = YES;
				CLANG_ENABLE_OBJC_WEAK = YES;
				CLANG_WARN_BLOCK_CAPTURE_AUTORELEASING = YES;
				CLANG_WARN_BOOL_CONVERSION = YES;
				CLANG_WARN_COMMA = YES;
				CLANG_WARN_CONSTANT_CONVERSION = YES;
				CLANG_WARN_DEPRECATED_OBJC_IMPLEMENTATIONS = YES;
				CLANG_WARN_DIRECT_OBJC_ISA_USAGE = YES_ERROR;
				CLANG_WARN_DOCUMENTATION_COMMENTS = YES;
				CLANG_WARN_EMPTY_BODY = YES;
				CLANG_WARN_ENUM_CONVERSION = YES;
				CLANG_WARN_INFINITE_RECURSION = YES;
				CLANG_WARN_INT_CONVERSION = YES;
				CLANG_WARN_NON_LITERAL_NULL_CONVERSION = YES;
				CLANG_WARN_OBJC_IMPLICIT_RETAIN_SELF = YES;
				CLANG_WARN_OBJC_LITERAL_CONVERSION = YES;
				CLANG_WARN_OBJC_ROOT_CLASS = YES_ERROR;
				CLANG_WARN_RANGE_LOOP_ANALYSIS = YES;
				CLANG_WARN_STRICT_PROTOTYPES = YES;
				CLANG_WARN_SUSPICIOUS_MOVE = YES;
				CLANG_WARN_UNGUARDED_AVAILABILITY = YES_AGGRESSIVE;
				CLANG_WARN_UNREACHABLE_CODE = YES;
				CLANG_WARN__DUPLICATE_METHOD_MATCH = YES;
				COPY_PHASE_STRIP = NO;
				DEBUG_INFORMATION_FORMAT = "dwarf-with-dsym";
				ENABLE_NS_ASSERTIONS = NO;
				ENABLE_STRICT_OBJC_MSGSEND = YES;
				GCC_C_LANGUAGE_STANDARD = gnu11;
				GCC_NO_COMMON_BLOCKS = YES;
				GCC_WARN_64_TO_32_BIT_CONVERSION = YES;
				GCC_WARN_ABOUT_RETURN_TYPE = YES_ERROR;
				GCC_WARN_UNDECLARED_SELECTOR = YES;
				GCC_WARN_UNINITIALIZED_AUTOS = YES_AGGRESSIVE;
				GCC_WARN_UNUSED_FUNCTION = YES;
				GCC_WARN_UNUSED_VARIABLE = YES;
				IPHONEOS_DEPLOYMENT_TARGET = 13.2;
				MTL_ENABLE_DEBUG_INFO = NO;
				MTL_FAST_MATH = YES;
				SDKROOT = iphoneos;
				SWIFT_COMPILATION_MODE = wholemodule;
				SWIFT_OPTIMIZATION_LEVEL = "-O";
				VALIDATE_PRODUCT = YES;
			};
			name = Release;
		};
		6C462499254EC28000E5F670 /* Debug */ = {
			isa = XCBuildConfiguration;
			baseConfigurationReference = 60C787292502B5109EA7A460 /* Pods-photofilter.debug.xcconfig */;
			buildSettings = {
				ASSETCATALOG_COMPILER_APPICON_NAME = AppIcon;
				CODE_SIGN_STYLE = Automatic;
				INFOPLIST_FILE = photofilter/Info.plist;
				LD_RUNPATH_SEARCH_PATHS = (
					"$(inherited)",
					"@executable_path/Frameworks",
				);
				PRODUCT_BUNDLE_IDENTIFIER = com.technotouch.freeframe.photofilter;
				PRODUCT_NAME = "$(TARGET_NAME)";
				SWIFT_VERSION = 5.0;
				TARGETED_DEVICE_FAMILY = "1,2";
			};
			name = Debug;
		};
		6C46249A254EC28000E5F670 /* Release */ = {
			isa = XCBuildConfiguration;
			baseConfigurationReference = EFBB52215A970FA641596D85 /* Pods-photofilter.release.xcconfig */;
			buildSettings = {
				ASSETCATALOG_COMPILER_APPICON_NAME = AppIcon;
				CODE_SIGN_STYLE = Automatic;
				INFOPLIST_FILE = photofilter/Info.plist;
				LD_RUNPATH_SEARCH_PATHS = (
					"$(inherited)",
					"@executable_path/Frameworks",
				);
				PRODUCT_BUNDLE_IDENTIFIER = com.technotouch.freeframe.photofilter;
				PRODUCT_NAME = "$(TARGET_NAME)";
				SWIFT_VERSION = 5.0;
				TARGETED_DEVICE_FAMILY = "1,2";
			};
			name = Release;
		};
/* End XCBuildConfiguration section */

/* Begin XCConfigurationList section */
		6C46247F254EC27200E5F670 /* Build configuration list for PBXProject "photofilter" */ = {
			isa = XCConfigurationList;
			buildConfigurations = (
				6C462496254EC28000E5F670 /* Debug */,
				6C462497254EC28000E5F670 /* Release */,
			);
			defaultConfigurationIsVisible = 0;
			defaultConfigurationName = Release;
		};
		6C462498254EC28000E5F670 /* Build configuration list for PBXNativeTarget "photofilter" */ = {
			isa = XCConfigurationList;
			buildConfigurations = (
				6C462499254EC28000E5F670 /* Debug */,
				6C46249A254EC28000E5F670 /* Release */,
			);
			defaultConfigurationIsVisible = 0;
			defaultConfigurationName = Release;
		};
/* End XCConfigurationList section */
	};
	rootObject = 6C46247C254EC27200E5F670 /* Project object */;
}
